
Microsoft Visual Studio Solution File, Format Version 12.00
# Visual Studio Version 16
VisualStudioVersion = 16.0.30711.63
MinimumVisualStudioVersion = 10.0.40219.1
Project("{FAE04EC0-301F-11D3-BF4B-00C04F79EFBC}") = "NETF_ScreenCapture", "NETF_ScreenCapture\NETF_ScreenCapture.csproj", "{081D704C-05F7-4D34-B571-9AB413F110D6}"
EndProject
Global
	GlobalSection(SolutionConfigurationPlatforms) = preSolution
		Debug|Any CPU = Debug|Any CPU
		Release|Any CPU = Release|Any CPU
	EndGlobalSection
	GlobalSection(ProjectConfigurationPlatforms) = postSolution
		{081D704C-05F7-4D34-B571-9AB413F110D6}.Debug|Any CPU.ActiveCfg = Debug|Any CPU
		{081D704C-05F7-4D34-B571-9AB413F110D6}.Debug|Any CPU.Build.0 = Debug|Any CPU
		{081D704C-05F7-4D34-B571-9AB413F110D6}.Release|Any CPU.ActiveCfg = Release|Any CPU
		{081D704C-05F7-4D34-B571-9AB413F110D6}.Release|Any CPU.Build.0 = Release|Any CPU
	EndGlobalSection
	GlobalSection(SolutionProperties) = preSolution
		HideSolutionNode = FALSE
	EndGlobalSection
	GlobalSection(ExtensibilityGlobals) = postSolution
		SolutionGuid = {286FDC20-7007-4646-82DC-6BB376B01806}
	EndGlobalSection
EndGlobal
